# This file is automatically @generated by Poetry and should not be changed by hand.

[[package]]
name = "attrs"
version = "22.2.0"
description = "Classes Without Boilerplate"
category = "main"
optional = false
python-versions = ">=3.6"
files = [
    {file = "attrs-22.2.0-py3-none-any.whl", hash = "sha256:29e95c7f6778868dbd49170f98f8818f78f3dc5e0e37c0b1f474e3561b240836"},
    {file = "attrs-22.2.0.tar.gz", hash = "sha256:c9227bfc2f01993c03f68db37d1d15c9690188323c067c641f1a35ca58185f99"},
]

[package.extras]
cov = ["attrs[tests]", "coverage-enable-subprocess", "coverage[toml] (>=5.3)"]
dev = ["attrs[docs,tests]"]
docs = ["furo", "myst-parser", "sphinx", "sphinx-notfound-page", "sphinxcontrib-towncrier", "towncrier", "zope.interface"]
tests = ["attrs[tests-no-zope]", "zope.interface"]
tests-no-zope = ["cloudpickle", "cloudpickle", "hypothesis", "hypothesis", "mypy (>=0.971,<0.990)", "mypy (>=0.971,<0.990)", "pympler", "pympler", "pytest (>=4.3.0)", "pytest (>=4.3.0)", "pytest-mypy-plugins", "pytest-mypy-plugins", "pytest-xdist[psutil]", "pytest-xdist[psutil]"]

[[package]]
name = "automat"
version = "22.10.0"
description = "Self-service finite-state machines for the programmer on the go."
category = "main"
optional = false
python-versions = "*"
files = [
    {file = "Automat-22.10.0-py2.py3-none-any.whl", hash = "sha256:c3164f8742b9dc440f3682482d32aaff7bb53f71740dd018533f9de286b64180"},
    {file = "Automat-22.10.0.tar.gz", hash = "sha256:e56beb84edad19dcc11d30e8d9b895f75deeb5ef5e96b84a467066b3b84bb04e"},
]

[package.dependencies]
attrs = ">=19.2.0"
six = "*"

[package.extras]
visualize = ["Twisted (>=16.1.1)", "graphviz (>0.5.1)"]

[[package]]
name = "constantly"
version = "15.1.0"
description = "Symbolic constants in Python"
category = "main"
optional = false
python-versions = "*"
files = [
    {file = "constantly-15.1.0-py2.py3-none-any.whl", hash = "sha256:dd2fa9d6b1a51a83f0d7dd76293d734046aa176e384bf6e33b7e44880eb37c5d"},
    {file = "constantly-15.1.0.tar.gz", hash = "sha256:586372eb92059873e29eba4f9dec8381541b4d3834660707faf8ba59146dfc35"},
]

[[package]]
name = "hyperlink"
version = "21.0.0"
description = "A featureful, immutable, and correct URL for Python."
category = "main"
optional = false
python-versions = ">=2.6, !=3.0.*, !=3.1.*, !=3.2.*, !=3.3.*"
files = [
    {file = "hyperlink-21.0.0-py2.py3-none-any.whl", hash = "sha256:e6b14c37ecb73e89c77d78cdb4c2cc8f3fb59a885c5b3f819ff4ed80f25af1b4"},
    {file = "hyperlink-21.0.0.tar.gz", hash = "sha256:427af957daa58bc909471c6c40f74c5450fa123dd093fc53efd2e91d2705a56b"},
]

[package.dependencies]
idna = ">=2.5"

[[package]]
name = "idna"
version = "3.4"
description = "Internationalized Domain Names in Applications (IDNA)"
category = "main"
optional = false
python-versions = ">=3.5"
files = [
    {file = "idna-3.4-py3-none-any.whl", hash = "sha256:90b77e79eaa3eba6de819a0c442c0b4ceefc341a7a2ab77d7562bf49f425c5c2"},
    {file = "idna-3.4.tar.gz", hash = "sha256:814f528e8dead7d329833b91c5faa87d60bf71824cd12a7530b5526063d02cb4"},
]

[[package]]
name = "incremental"
version = "22.10.0"
description = "\"A small library that versions your Python projects.\""
category = "main"
optional = false
python-versions = "*"
files = [
    {file = "incremental-22.10.0-py2.py3-none-any.whl", hash = "sha256:b864a1f30885ee72c5ac2835a761b8fe8aa9c28b9395cacf27286602688d3e51"},
    {file = "incremental-22.10.0.tar.gz", hash = "sha256:912feeb5e0f7e0188e6f42241d2f450002e11bbc0937c65865045854c24c0bd0"},
]

[package.extras]
mypy = ["click (>=6.0)", "mypy (==0.812)", "twisted (>=16.4.0)"]
scripts = ["click (>=6.0)", "twisted (>=16.4.0)"]

[[package]]
name = "pymodbus3"
version = "1.0.0"
description = "A fully featured modbus protocol stack in python"
category = "main"
optional = false
python-versions = "*"
files = [
    {file = "pymodbus3-1.0.0.tar.gz", hash = "sha256:4a340660a5e56a8f2f945e650b00b78c0bfce05911140338101b37d3b9ed3f8c"},
]

[package.dependencies]
pyserial = ">=2.6"
twisted = ">=12.2.0"

[package.extras]
documents = ["sphinx (>=1.1.3)"]
quality = ["coverage (>=3.5.3)", "mock (>=1.0.0)", "nose (>=1.2.1)", "pep8 (>=1.3.3)"]
twisted = ["pyasn1 (>=0.1.4)", "pycrypto (>=2.6)"]

[[package]]
name = "pyserial"
version = "3.5"
description = "Python Serial Port Extension"
category = "main"
optional = false
python-versions = "*"
files = [
    {file = "pyserial-3.5-py2.py3-none-any.whl", hash = "sha256:c4451db6ba391ca6ca299fb3ec7bae67a5c55dde170964c7a14ceefec02f2cf0"},
    {file = "pyserial-3.5.tar.gz", hash = "sha256:3c77e014170dfffbd816e6ffc205e9842efb10be9f58ec16d3e8675b4925cddb"},
]

[package.extras]
cp2110 = ["hidapi"]

[[package]]
name = "python-snap7"
version = "1.3"
description = "Python wrapper for the snap7 library"
category = "main"
optional = false
python-versions = ">=3.7"
files = [
    {file = "python-snap7-1.3.tar.gz", hash = "sha256:fc2dada8e157a6e8f5e02b7a702f3103ec1d99ad2f06b69748a2c40405b3e229"},
    {file = "python_snap7-1.3-py3-none-macosx_10_9_universal2.whl", hash = "sha256:c33ab26d7617ed527eaebdaf098f6947e70bb9338ada532db28397837a631831"},
    {file = "python_snap7-1.3-py3-none-manylinux1_x86_64.whl", hash = "sha256:441d162f9dc08ab6790f1bd4e1940ca2fe8c0d9bdd7dda0ba4a4e7738dab82c8"},
    {file = "python_snap7-1.3-py3-none-manylinux2014_aarch64.whl", hash = "sha256:f8bb72cf387b1af8e1e1b4bbbabf086ca7694c6024129c7a52054e3913f40ad6"},
    {file = "python_snap7-1.3-py3-none-win_amd64.whl", hash = "sha256:6eba58676033204e36e3ff957e3823c3076a20544f501a731b2ba62d96139cc6"},
]

[package.extras]
cli = ["click"]
doc = ["sphinx", "sphinx-rtd-theme"]
test = ["mypy", "pycodestyle", "pytest", "pytest-asyncio", "types-setuptools"]

[[package]]
name = "setuptools"
version = "67.4.0"
description = "Easily download, build, install, upgrade, and uninstall Python packages"
category = "main"
optional = false
python-versions = ">=3.7"
files = [
    {file = "setuptools-67.4.0-py3-none-any.whl", hash = "sha256:f106dee1b506dee5102cc3f3e9e68137bbad6d47b616be7991714b0c62204251"},
    {file = "setuptools-67.4.0.tar.gz", hash = "sha256:e5fd0a713141a4a105412233c63dc4e17ba0090c8e8334594ac790ec97792330"},
]

[package.extras]
docs = ["furo", "jaraco.packaging (>=9)", "jaraco.tidelift (>=1.4)", "pygments-github-lexers (==0.0.5)", "rst.linker (>=1.9)", "sphinx (>=3.5)", "sphinx-favicon", "sphinx-hoverxref (<2)", "sphinx-inline-tabs", "sphinx-lint", "sphinx-notfound-page (==0.8.3)", "sphinx-reredirects", "sphinxcontrib-towncrier"]
testing = ["build[virtualenv]", "filelock (>=3.4.0)", "flake8 (<5)", "flake8-2020", "ini2toml[lite] (>=0.9)", "jaraco.envs (>=2.2)", "jaraco.path (>=3.2.0)", "pip (>=19.1)", "pip-run (>=8.8)", "pytest (>=6)", "pytest-black (>=0.3.7)", "pytest-checkdocs (>=2.4)", "pytest-cov", "pytest-enabler (>=1.3)", "pytest-flake8", "pytest-mypy (>=0.9.1)", "pytest-perf", "pytest-timeout", "pytest-xdist", "tomli-w (>=1.0.0)", "virtualenv (>=13.0.0)", "wheel"]
testing-integration = ["build[virtualenv]", "filelock (>=3.4.0)", "jaraco.envs (>=2.2)", "jaraco.path (>=3.2.0)", "pytest", "pytest-enabler", "pytest-xdist", "tomli", "virtualenv (>=13.0.0)", "wheel"]

[[package]]
name = "six"
version = "1.16.0"
description = "Python 2 and 3 compatibility utilities"
category = "main"
optional = false
python-versions = ">=2.7, !=3.0.*, !=3.1.*, !=3.2.*"
files = [
    {file = "six-1.16.0-py2.py3-none-any.whl", hash = "sha256:8abb2f1d86890a2dfb989f9a77cfcfd3e47c2a354b01111771326f8aa26e0254"},
    {file = "six-1.16.0.tar.gz", hash = "sha256:1e61c37477a1626458e36f7b1d82aa5c9b094fa4802892072e49de9c60c4c926"},
]

[[package]]
name = "twisted"
version = "22.10.0"
description = "An asynchronous networking framework written in Python"
category = "main"
optional = false
python-versions = ">=3.7.1"
files = [
    {file = "Twisted-22.10.0-py3-none-any.whl", hash = "sha256:86c55f712cc5ab6f6d64e02503352464f0400f66d4f079096d744080afcccbd0"},
    {file = "Twisted-22.10.0.tar.gz", hash = "sha256:32acbd40a94f5f46e7b42c109bfae2b302250945561783a8b7a059048f2d4d31"},
]

[package.dependencies]
attrs = ">=19.2.0"
Automat = ">=0.8.0"
constantly = ">=15.1"
hyperlink = ">=17.1.1"
incremental = ">=21.3.0"
twisted-iocpsupport = {version = ">=1.0.2,<2", markers = "platform_system == \"Windows\""}
typing-extensions = ">=3.6.5"
"zope.interface" = ">=4.4.2"

[package.extras]
all-non-platform = ["PyHamcrest (>=1.9.0)", "appdirs (>=1.4.0)", "bcrypt (>=3.0.0)", "contextvars (>=2.4,<3)", "cryptography (>=2.6)", "cython-test-exception-raiser (>=1.0.2,<2)", "h2 (>=3.0,<5.0)", "hypothesis (>=6.0,<7.0)", "idna (>=2.4)", "priority (>=1.1.0,<2.0)", "pyasn1", "pyopenssl (>=21.0.0)", "pyserial (>=3.0)", "pywin32 (!=226)", "service-identity (>=18.1.0)"]
conch = ["appdirs (>=1.4.0)", "bcrypt (>=3.0.0)", "cryptography (>=2.6)", "pyasn1"]
conch-nacl = ["PyNaCl", "appdirs (>=1.4.0)", "bcrypt (>=3.0.0)", "cryptography (>=2.6)", "pyasn1"]
contextvars = ["contextvars (>=2.4,<3)"]
dev = ["coverage (>=6b1,<7)", "pydoctor (>=22.9.0,<22.10.0)", "pyflakes (>=2.2,<3.0)", "python-subunit (>=1.4,<2.0)", "readthedocs-sphinx-ext (>=2.1,<3.0)", "sphinx (>=5.0,<6)", "sphinx-rtd-theme (>=1.0,<2.0)", "towncrier (>=22.8,<23.0)", "twistedchecker (>=0.7,<1.0)"]
dev-release = ["pydoctor (>=22.9.0,<22.10.0)", "readthedocs-sphinx-ext (>=2.1,<3.0)", "sphinx (>=5.0,<6)", "sphinx-rtd-theme (>=1.0,<2.0)", "towncrier (>=22.8,<23.0)"]
gtk-platform = ["PyHamcrest (>=1.9.0)", "appdirs (>=1.4.0)", "bcrypt (>=3.0.0)", "contextvars (>=2.4,<3)", "cryptography (>=2.6)", "cython-test-exception-raiser (>=1.0.2,<2)", "h2 (>=3.0,<5.0)", "hypothesis (>=6.0,<7.0)", "idna (>=2.4)", "priority (>=1.1.0,<2.0)", "pyasn1", "pygobject", "pyopenssl (>=21.0.0)", "pyserial (>=3.0)", "pywin32 (!=226)", "service-identity (>=18.1.0)"]
http2 = ["h2 (>=3.0,<5.0)", "priority (>=1.1.0,<2.0)"]
macos-platform = ["PyHamcrest (>=1.9.0)", "appdirs (>=1.4.0)", "bcrypt (>=3.0.0)", "contextvars (>=2.4,<3)", "cryptography (>=2.6)", "cython-test-exception-raiser (>=1.0.2,<2)", "h2 (>=3.0,<5.0)", "hypothesis (>=6.0,<7.0)", "idna (>=2.4)", "priority (>=1.1.0,<2.0)", "pyasn1", "pyobjc-core", "pyobjc-framework-CFNetwork", "pyobjc-framework-Cocoa", "pyopenssl (>=21.0.0)", "pyserial (>=3.0)", "pywin32 (!=226)", "service-identity (>=18.1.0)"]
mypy = ["PyHamcrest (>=1.9.0)", "PyNaCl", "appdirs (>=1.4.0)", "bcrypt (>=3.0.0)", "contextvars (>=2.4,<3)", "coverage (>=6b1,<7)", "cryptography (>=2.6)", "cython-test-exception-raiser (>=1.0.2,<2)", "h2 (>=3.0,<5.0)", "hypothesis (>=6.0,<7.0)", "idna (>=2.4)", "mypy (==0.930)", "mypy-zope (==0.3.4)", "priority (>=1.1.0,<2.0)", "pyasn1", "pydoctor (>=22.9.0,<22.10.0)", "pyflakes (>=2.2,<3.0)", "pyopenssl (>=21.0.0)", "pyserial (>=3.0)", "python-subunit (>=1.4,<2.0)", "pywin32 (!=226)", "readthedocs-sphinx-ext (>=2.1,<3.0)", "service-identity (>=18.1.0)", "sphinx (>=5.0,<6)", "sphinx-rtd-theme (>=1.0,<2.0)", "towncrier (>=22.8,<23.0)", "twistedchecker (>=0.7,<1.0)", "types-pyOpenSSL", "types-setuptools"]
osx-platform = ["PyHamcrest (>=1.9.0)", "appdirs (>=1.4.0)", "bcrypt (>=3.0.0)", "contextvars (>=2.4,<3)", "cryptography (>=2.6)", "cython-test-exception-raiser (>=1.0.2,<2)", "h2 (>=3.0,<5.0)", "hypothesis (>=6.0,<7.0)", "idna (>=2.4)", "priority (>=1.1.0,<2.0)", "pyasn1", "pyobjc-core", "pyobjc-framework-CFNetwork", "pyobjc-framework-Cocoa", "pyopenssl (>=21.0.0)", "pyserial (>=3.0)", "pywin32 (!=226)", "service-identity (>=18.1.0)"]
serial = ["pyserial (>=3.0)", "pywin32 (!=226)"]
test = ["PyHamcrest (>=1.9.0)", "cython-test-exception-raiser (>=1.0.2,<2)", "hypothesis (>=6.0,<7.0)"]
tls = ["idna (>=2.4)", "pyopenssl (>=21.0.0)", "service-identity (>=18.1.0)"]
windows-platform = ["PyHamcrest (>=1.9.0)", "appdirs (>=1.4.0)", "bcrypt (>=3.0.0)", "contextvars (>=2.4,<3)", "cryptography (>=2.6)", "cython-test-exception-raiser (>=1.0.2,<2)", "h2 (>=3.0,<5.0)", "hypothesis (>=6.0,<7.0)", "idna (>=2.4)", "priority (>=1.1.0,<2.0)", "pyasn1", "pyopenssl (>=21.0.0)", "pyserial (>=3.0)", "pywin32 (!=226)", "pywin32 (!=226)", "service-identity (>=18.1.0)"]

[[package]]
name = "twisted-iocpsupport"
version = "1.0.2"
description = "An extension for use in the twisted I/O Completion Ports reactor."
category = "main"
optional = false
python-versions = "*"
files = [
    {file = "twisted-iocpsupport-1.0.2.tar.gz", hash = "sha256:72068b206ee809c9c596b57b5287259ea41ddb4774d86725b19f35bf56aa32a9"},
    {file = "twisted_iocpsupport-1.0.2-cp310-cp310-win32.whl", hash = "sha256:985c06a33f5c0dae92c71a036d1ea63872ee86a21dd9b01e1f287486f15524b4"},
    {file = "twisted_iocpsupport-1.0.2-cp310-cp310-win_amd64.whl", hash = "sha256:81b3abe3527b367da0220482820cb12a16c661672b7bcfcde328902890d63323"},
    {file = "twisted_iocpsupport-1.0.2-cp36-cp36m-win32.whl", hash = "sha256:9dbb8823b49f06d4de52721b47de4d3b3026064ef4788ce62b1a21c57c3fff6f"},
    {file = "twisted_iocpsupport-1.0.2-cp36-cp36m-win_amd64.whl", hash = "sha256:b9fed67cf0f951573f06d560ac2f10f2a4bbdc6697770113a2fc396ea2cb2565"},
    {file = "twisted_iocpsupport-1.0.2-cp37-cp37m-win32.whl", hash = "sha256:b76b4eed9b27fd63ddb0877efdd2d15835fdcb6baa745cb85b66e5d016ac2878"},
    {file = "twisted_iocpsupport-1.0.2-cp37-cp37m-win_amd64.whl", hash = "sha256:851b3735ca7e8102e661872390e3bce88f8901bece95c25a0c8bb9ecb8a23d32"},
    {file = "twisted_iocpsupport-1.0.2-cp38-cp38-win32.whl", hash = "sha256:bf4133139d77fc706d8f572e6b7d82871d82ec7ef25d685c2351bdacfb701415"},
    {file = "twisted_iocpsupport-1.0.2-cp38-cp38-win_amd64.whl", hash = "sha256:306becd6e22ab6e8e4f36b6bdafd9c92e867c98a5ce517b27fdd27760ee7ae41"},
    {file = "twisted_iocpsupport-1.0.2-cp39-cp39-win32.whl", hash = "sha256:3c61742cb0bc6c1ac117a7e5f422c129832f0c295af49e01d8a6066df8cfc04d"},
    {file = "twisted_iocpsupport-1.0.2-cp39-cp39-win_amd64.whl", hash = "sha256:b435857b9efcbfc12f8c326ef0383f26416272260455bbca2cd8d8eca470c546"},
    {file = "twisted_iocpsupport-1.0.2-pp37-pypy37_pp73-win_amd64.whl", hash = "sha256:7d972cfa8439bdcb35a7be78b7ef86d73b34b808c74be56dfa785c8a93b851bf"},
]

[[package]]
name = "typing-extensions"
version = "4.3.0"
description = "Backported and Experimental Type Hints for Python 3.7+"
category = "main"
optional = false
python-versions = ">=3.7"

[[package]]
name = "zope.interface"
version = "5.4.0"
description = "Interfaces for Python"
category = "main"
optional = false
python-versions = ">=2.7, !=3.0.*, !=3.1.*, !=3.2.*, !=3.3.*, !=3.4.*"
files = [
    {file = "zope.interface-5.5.2-cp27-cp27m-macosx_10_14_x86_64.whl", hash = "sha256:a2ad597c8c9e038a5912ac3cf166f82926feff2f6e0dabdab956768de0a258f5"},
    {file = "zope.interface-5.5.2-cp27-cp27m-win_amd64.whl", hash = "sha256:65c3c06afee96c654e590e046c4a24559e65b0a87dbff256cd4bd6f77e1a33f9"},
    {file = "zope.interface-5.5.2-cp310-cp310-macosx_10_9_x86_64.whl", hash = "sha256:d514c269d1f9f5cd05ddfed15298d6c418129f3f064765295659798349c43e6f"},
    {file = "zope.interface-5.5.2-cp310-cp310-macosx_11_0_arm64.whl", hash = "sha256:5334e2ef60d3d9439c08baedaf8b84dc9bb9522d0dacbc10572ef5609ef8db6d"},
    {file = "zope.interface-5.5.2-cp310-cp310-manylinux_2_17_aarch64.manylinux2014_aarch64.whl", hash = "sha256:dc26c8d44472e035d59d6f1177eb712888447f5799743da9c398b0339ed90b1b"},
    {file = "zope.interface-5.5.2-cp310-cp310-manylinux_2_5_i686.manylinux1_i686.manylinux_2_12_i686.manylinux2010_i686.whl", hash = "sha256:17ebf6e0b1d07ed009738016abf0d0a0f80388e009d0ac6e0ead26fc162b3b9c"},
    {file = "zope.interface-5.5.2-cp310-cp310-manylinux_2_5_x86_64.manylinux1_x86_64.manylinux_2_12_x86_64.manylinux2010_x86_64.whl", hash = "sha256:f98d4bd7bbb15ca701d19b93263cc5edfd480c3475d163f137385f49e5b3a3a7"},
    {file = "zope.interface-5.5.2-cp310-cp310-win_amd64.whl", hash = "sha256:696f3d5493eae7359887da55c2afa05acc3db5fc625c49529e84bd9992313296"},
    {file = "zope.interface-5.5.2-cp311-cp311-macosx_10_9_x86_64.whl", hash = "sha256:7579960be23d1fddecb53898035a0d112ac858c3554018ce615cefc03024e46d"},
    {file = "zope.interface-5.5.2-cp311-cp311-macosx_11_0_arm64.whl", hash = "sha256:765d703096ca47aa5d93044bf701b00bbce4d903a95b41fff7c3796e747b1f1d"},
    {file = "zope.interface-5.5.2-cp311-cp311-manylinux_2_17_aarch64.manylinux2014_aarch64.whl", hash = "sha256:e945de62917acbf853ab968d8916290548df18dd62c739d862f359ecd25842a6"},
    {file = "zope.interface-5.5.2-cp311-cp311-win_amd64.whl", hash = "sha256:655796a906fa3ca67273011c9805c1e1baa047781fca80feeb710328cdbed87f"},
    {file = "zope.interface-5.5.2-cp35-cp35m-win_amd64.whl", hash = "sha256:0fb497c6b088818e3395e302e426850f8236d8d9f4ef5b2836feae812a8f699c"},
    {file = "zope.interface-5.5.2-cp36-cp36m-macosx_10_14_x86_64.whl", hash = "sha256:008b0b65c05993bb08912f644d140530e775cf1c62a072bf9340c2249e613c32"},
    {file = "zope.interface-5.5.2-cp36-cp36m-manylinux_2_17_aarch64.manylinux2014_aarch64.whl", hash = "sha256:404d1e284eda9e233c90128697c71acffd55e183d70628aa0bbb0e7a3084ed8b"},
    {file = "zope.interface-5.5.2-cp36-cp36m-manylinux_2_5_i686.manylinux1_i686.manylinux_2_12_i686.manylinux2010_i686.whl", hash = "sha256:3218ab1a7748327e08ef83cca63eea7cf20ea7e2ebcb2522072896e5e2fceedf"},
    {file = "zope.interface-5.5.2-cp36-cp36m-manylinux_2_5_x86_64.manylinux1_x86_64.manylinux_2_12_x86_64.manylinux2010_x86_64.whl", hash = "sha256:d169ccd0756c15bbb2f1acc012f5aab279dffc334d733ca0d9362c5beaebe88e"},
    {file = "zope.interface-5.5.2-cp36-cp36m-win_amd64.whl", hash = "sha256:e1574980b48c8c74f83578d1e77e701f8439a5d93f36a5a0af31337467c08fcf"},
    {file = "zope.interface-5.5.2-cp37-cp37m-macosx_10_15_x86_64.whl", hash = "sha256:0217a9615531c83aeedb12e126611b1b1a3175013bbafe57c702ce40000eb9a0"},
    {file = "zope.interface-5.5.2-cp37-cp37m-manylinux_2_17_aarch64.manylinux2014_aarch64.whl", hash = "sha256:311196634bb9333aa06f00fc94f59d3a9fddd2305c2c425d86e406ddc6f2260d"},
    {file = "zope.interface-5.5.2-cp37-cp37m-manylinux_2_5_i686.manylinux1_i686.manylinux_2_12_i686.manylinux2010_i686.whl", hash = "sha256:6373d7eb813a143cb7795d3e42bd8ed857c82a90571567e681e1b3841a390d16"},
    {file = "zope.interface-5.5.2-cp37-cp37m-manylinux_2_5_x86_64.manylinux1_x86_64.manylinux_2_12_x86_64.manylinux2010_x86_64.whl", hash = "sha256:959697ef2757406bff71467a09d940ca364e724c534efbf3786e86eee8591452"},
    {file = "zope.interface-5.5.2-cp37-cp37m-win_amd64.whl", hash = "sha256:dbaeb9cf0ea0b3bc4b36fae54a016933d64c6d52a94810a63c00f440ecb37dd7"},
    {file = "zope.interface-5.5.2-cp38-cp38-macosx_10_9_x86_64.whl", hash = "sha256:604cdba8f1983d0ab78edc29aa71c8df0ada06fb147cea436dc37093a0100a4e"},
    {file = "zope.interface-5.5.2-cp38-cp38-macosx_11_0_arm64.whl", hash = "sha256:e74a578172525c20d7223eac5f8ad187f10940dac06e40113d62f14f3adb1e8f"},
    {file = "zope.interface-5.5.2-cp38-cp38-manylinux_2_17_aarch64.manylinux2014_aarch64.whl", hash = "sha256:f0980d44b8aded808bec5059018d64692f0127f10510eca71f2f0ace8fb11188"},
    {file = "zope.interface-5.5.2-cp38-cp38-manylinux_2_5_i686.manylinux1_i686.manylinux_2_12_i686.manylinux2010_i686.whl", hash = "sha256:6e972493cdfe4ad0411fd9abfab7d4d800a7317a93928217f1a5de2bb0f0d87a"},
    {file = "zope.interface-5.5.2-cp38-cp38-manylinux_2_5_x86_64.manylinux1_x86_64.manylinux_2_12_x86_64.manylinux2010_x86_64.whl", hash = "sha256:9d783213fab61832dbb10d385a319cb0e45451088abd45f95b5bb88ed0acca1a"},
    {file = "zope.interface-5.5.2-cp38-cp38-win_amd64.whl", hash = "sha256:a16025df73d24795a0bde05504911d306307c24a64187752685ff6ea23897cb0"},
    {file = "zope.interface-5.5.2-cp39-cp39-macosx_10_9_x86_64.whl", hash = "sha256:40f4065745e2c2fa0dff0e7ccd7c166a8ac9748974f960cd39f63d2c19f9231f"},
    {file = "zope.interface-5.5.2-cp39-cp39-macosx_11_0_arm64.whl", hash = "sha256:8a2ffadefd0e7206adc86e492ccc60395f7edb5680adedf17a7ee4205c530df4"},
    {file = "zope.interface-5.5.2-cp39-cp39-manylinux_2_17_aarch64.manylinux2014_aarch64.whl", hash = "sha256:d692374b578360d36568dd05efb8a5a67ab6d1878c29c582e37ddba80e66c396"},
    {file = "zope.interface-5.5.2-cp39-cp39-manylinux_2_5_i686.manylinux1_i686.manylinux_2_12_i686.manylinux2010_i686.whl", hash = "sha256:4087e253bd3bbbc3e615ecd0b6dd03c4e6a1e46d152d3be6d2ad08fbad742dcc"},
    {file = "zope.interface-5.5.2-cp39-cp39-manylinux_2_5_x86_64.manylinux1_x86_64.manylinux_2_12_x86_64.manylinux2010_x86_64.whl", hash = "sha256:fb68d212efd057596dee9e6582daded9f8ef776538afdf5feceb3059df2d2e7b"},
    {file = "zope.interface-5.5.2-cp39-cp39-win_amd64.whl", hash = "sha256:7e66f60b0067a10dd289b29dceabd3d0e6d68be1504fc9d0bc209cf07f56d189"},
    {file = "zope.interface-5.5.2.tar.gz", hash = "sha256:bfee1f3ff62143819499e348f5b8a7f3aa0259f9aca5e0ddae7391d059dce671"},
]

[package.dependencies]
setuptools = "*"

[package.extras]
docs = ["Sphinx", "repoze.sphinx.autointerface"]
test = ["coverage (>=5.0.3)", "zope.event", "zope.testing"]
testing = ["coverage (>=5.0.3)", "zope.event", "zope.testing"]

[metadata]
lock-version = "1.1"
python-versions = ">=3.8,<3.12"
content-hash = "7e4d0bacb45abac6c125d7729435e53092ed844edfb12e0070034dfac7a4cf04"
